{
  "name": "wwl-deployment",
  "version": "1.0.0",
  "lockfileVersion": 3,
  "requires": true,
  "packages": {
    "": {
      "name": "wwl-deployment",
      "version": "1.0.0",
      "license": "MIT",
      "dependencies": {
        "@world-wide-lab/deploy": "file:../.."
      }
    },
    "../..": {
      "name": "@world-wide-lab/deploy",
      "dependencies": {
        "@pulumi/aws": "^6.28.1",
        "@pulumi/pulumi": "^3.112.0",
        "dotenv": "^16.4.5",
        "typescript": "^5.4.3"
      },
      "devDependencies": {
        "@types/node": "^16.18.91"
      }
    },
    "node_modules/@world-wide-lab/deploy": {
      "resolved": "../..",
      "link": true
    }
  }
}
